// !$*UTF8*$!
{
	archiveVersion = 1;
	classes = {
	};
	objectVersion = 46;
	objects = {

/* Begin PBXBuildFile section */
		870E58DA19ACE59B00D1338F /* Main.storyboard in Resources */ = {isa = PBXBuildFile; fileRef = 870E58D819ACE59B00D1338F /* Main.storyboard */; };
		870E58DC19ACE59B00D1338F /* Images.xcassets in Resources */ = {isa = PBXBuildFile; fileRef = 870E58DB19ACE59B00D1338F /* Images.xcassets */; };
		870E58E819ACE59B00D1338F /* SampleAppTests.swift in Sources */ = {isa = PBXBuildFile; fileRef = 870E58E719ACE59B00D1338F /* SampleAppTests.swift */; };
		870E58F519ACE5DE00D1338F /* lost@2x.png in Resources */ = {isa = PBXBuildFile; fileRef = 870E58F219ACE5DE00D1338F /* lost@2x.png */; };
		870E58F619ACE5DE00D1338F /* won@2x.png in Resources */ = {isa = PBXBuildFile; fileRef = 870E58F319ACE5DE00D1338F /* won@2x.png */; };
		871ED6531A0490CC00F56BAB /* TableViewController.swift in Sources */ = {isa = PBXBuildFile; fileRef = 871ED6521A0490CC00F56BAB /* TableViewController.swift */; };
		876776181A03FED8006AEA59 /* AppDelegate.swift in Sources */ = {isa = PBXBuildFile; fileRef = 876776151A03FED8006AEA59 /* AppDelegate.swift */; };
		8767761A1A03FED8006AEA59 /* ViewController.swift in Sources */ = {isa = PBXBuildFile; fileRef = 876776171A03FED8006AEA59 /* ViewController.swift */; };
/* End PBXBuildFile section */

/* Begin PBXContainerItemProxy section */
		870E58E219ACE59B00D1338F /* PBXContainerItemProxy */ = {
			isa = PBXContainerItemProxy;
			containerPortal = 870E58C719ACE59B00D1338F /* Project object */;
			proxyType = 1;
			remoteGlobalIDString = 870E58CE19ACE59B00D1338F;
			remoteInfo = SampleApp;
		};
/* End PBXContainerItemProxy section */

/* Begin PBXFileReference section */
		870E58CF19ACE59B00D1338F /* SampleApp.app */ = {isa = PBXFileReference; explicitFileType = wrapper.application; includeInIndex = 0; path = SampleApp.app; sourceTree = BUILT_PRODUCTS_DIR; };
		870E58D319ACE59B00D1338F /* Info.plist */ = {isa = PBXFileReference; lastKnownFileType = text.plist.xml; path = Info.plist; sourceTree = "<group>"; };
		870E58D919ACE59B00D1338F /* Base */ = {isa = PBXFileReference; lastKnownFileType = file.storyboard; name = Base; path = Base.lproj/Main.storyboard; sourceTree = "<group>"; };
		870E58DB19ACE59B00D1338F /* Images.xcassets */ = {isa = PBXFileReference; lastKnownFileType = folder.assetcatalog; path = Images.xcassets; sourceTree = "<group>"; };
		870E58E119ACE59B00D1338F /* SampleAppTests.xctest */ = {isa = PBXFileReference; explicitFileType = wrapper.cfbundle; includeInIndex = 0; path = SampleAppTests.xctest; sourceTree = BUILT_PRODUCTS_DIR; };
		870E58E619ACE59B00D1338F /* Info.plist */ = {isa = PBXFileReference; lastKnownFileType = text.plist.xml; path = Info.plist; sourceTree = "<group>"; };
		870E58E719ACE59B00D1338F /* SampleAppTests.swift */ = {isa = PBXFileReference; lastKnownFileType = sourcecode.swift; path = SampleAppTests.swift; sourceTree = "<group>"; };
		870E58F219ACE5DE00D1338F /* lost@2x.png */ = {isa = PBXFileReference; lastKnownFileType = image.png; path = "lost@2x.png"; sourceTree = "<group>"; };
		870E58F319ACE5DE00D1338F /* won@2x.png */ = {isa = PBXFileReference; lastKnownFileType = image.png; path = "won@2x.png"; sourceTree = "<group>"; };
		871ED6521A0490CC00F56BAB /* TableViewController.swift */ = {isa = PBXFileReference; fileEncoding = 4; lastKnownFileType = sourcecode.swift; path = TableViewController.swift; sourceTree = "<group>"; };
		876776151A03FED8006AEA59 /* AppDelegate.swift */ = {isa = PBXFileReference; fileEncoding = 4; lastKnownFileType = sourcecode.swift; path = AppDelegate.swift; sourceTree = "<group>"; };
		876776171A03FED8006AEA59 /* ViewController.swift */ = {isa = PBXFileReference; fileEncoding = 4; lastKnownFileType = sourcecode.swift; path = ViewController.swift; sourceTree = "<group>"; };
/* End PBXFileReference section */

/* Begin PBXFrameworksBuildPhase section */
		870E58CC19ACE59B00D1338F /* Frameworks */ = {
			isa = PBXFrameworksBuildPhase;
			buildActionMask = 2147483647;
			files = (
			);
			runOnlyForDeploymentPostprocessing = 0;
		};
		870E58DE19ACE59B00D1338F /* Frameworks */ = {
			isa = PBXFrameworksBuildPhase;
			buildActionMask = 2147483647;
			files = (
			);
			runOnlyForDeploymentPostprocessing = 0;
		};
/* End PBXFrameworksBuildPhase section */

/* Begin PBXGroup section */
		870E58C619ACE59B00D1338F = {
			isa = PBXGroup;
			children = (
				870E58D119ACE59B00D1338F /* SampleApp */,
				870E58E419ACE59B00D1338F /* SampleAppTests */,
				870E58D019ACE59B00D1338F /* Products */,
			);
			sourceTree = "<group>";
		};
		870E58D019ACE59B00D1338F /* Products */ = {
			isa = PBXGroup;
			children = (
				870E58CF19ACE59B00D1338F /* SampleApp.app */,
				870E58E119ACE59B00D1338F /* SampleAppTests.xctest */,
			);
			name = Products;
			sourceTree = "<group>";
		};
		870E58D119ACE59B00D1338F /* SampleApp */ = {
			isa = PBXGroup;
			children = (
				871ED6521A0490CC00F56BAB /* TableViewController.swift */,
				876776151A03FED8006AEA59 /* AppDelegate.swift */,
				876776171A03FED8006AEA59 /* ViewController.swift */,
				870E58F119ACE5DE00D1338F /* images */,
				870E58D819ACE59B00D1338F /* Main.storyboard */,
				870E58DB19ACE59B00D1338F /* Images.xcassets */,
				870E58D219ACE59B00D1338F /* Supporting Files */,
			);
			path = SampleApp;
			sourceTree = "<group>";
		};
		870E58D219ACE59B00D1338F /* Supporting Files */ = {
			isa = PBXGroup;
			children = (
				870E58D319ACE59B00D1338F /* Info.plist */,
			);
			name = "Supporting Files";
			sourceTree = "<group>";
		};
		870E58E419ACE59B00D1338F /* SampleAppTests */ = {
			isa = PBXGroup;
			children = (
				870E58E719ACE59B00D1338F /* SampleAppTests.swift */,
				870E58E519ACE59B00D1338F /* Supporting Files */,
			);
			path = SampleAppTests;
			sourceTree = "<group>";
		};
		870E58E519ACE59B00D1338F /* Supporting Files */ = {
			isa = PBXGroup;
			children = (
				870E58E619ACE59B00D1338F /* Info.plist */,
			);
			name = "Supporting Files";
			sourceTree = "<group>";
		};
		870E58F119ACE5DE00D1338F /* images */ = {
			isa = PBXGroup;
			children = (
				870E58F219ACE5DE00D1338F /* lost@2x.png */,
				870E58F319ACE5DE00D1338F /* won@2x.png */,
			);
			path = images;
			sourceTree = "<group>";
		};
/* End PBXGroup section */

/* Begin PBXNativeTarget section */
		870E58CE19ACE59B00D1338F /* SampleApp */ = {
			isa = PBXNativeTarget;
			buildConfigurationList = 870E58EB19ACE59B00D1338F /* Build configuration list for PBXNativeTarget "SampleApp" */;
			buildPhases = (
				870E58CB19ACE59B00D1338F /* Sources */,
				870E58CC19ACE59B00D1338F /* Frameworks */,
				870E58CD19ACE59B00D1338F /* Resources */,
			);
			buildRules = (
			);
			dependencies = (
			);
			name = SampleApp;
			productName = SampleApp;
			productReference = 870E58CF19ACE59B00D1338F /* SampleApp.app */;
			productType = "com.apple.product-type.application";
		};
		870E58E019ACE59B00D1338F /* SampleAppTests */ = {
			isa = PBXNativeTarget;
			buildConfigurationList = 870E58EE19ACE59B00D1338F /* Build configuration list for PBXNativeTarget "SampleAppTests" */;
			buildPhases = (
				870E58DD19ACE59B00D1338F /* Sources */,
				870E58DE19ACE59B00D1338F /* Frameworks */,
				870E58DF19ACE59B00D1338F /* Resources */,
			);
			buildRules = (
			);
			dependencies = (
				870E58E319ACE59B00D1338F /* PBXTargetDependency */,
			);
			name = SampleAppTests;
			productName = SampleAppTests;
			productReference = 870E58E119ACE59B00D1338F /* SampleAppTests.xctest */;
			productType = "com.apple.product-type.bundle.unit-test";
		};
/* End PBXNativeTarget section */

/* Begin PBXProject section */
		870E58C719ACE59B00D1338F /* Project object */ = {
			isa = PBXProject;
			attributes = {
				LastUpgradeCheck = 0600;
				ORGANIZATIONNAME = "Pawan Kumar Singh";
				TargetAttributes = {
					870E58CE19ACE59B00D1338F = {
						CreatedOnToolsVersion = 6.0;
					};
					870E58E019ACE59B00D1338F = {
						CreatedOnToolsVersion = 6.0;
						TestTargetID = 870E58CE19ACE59B00D1338F;
					};
				};
			};
			buildConfigurationList = 870E58CA19ACE59B00D1338F /* Build configuration list for PBXProject "SampleApp" */;
			compatibilityVersion = "Xcode 3.2";
			developmentRegion = English;
			hasScannedForEncodings = 0;
			knownRegions = (
				en,
				Base,
			);
			mainGroup = 870E58C619ACE59B00D1338F;
			productRefGroup = 870E58D019ACE59B00D1338F /* Products */;
			projectDirPath = "";
			projectRoot = "";
			targets = (
				870E58CE19ACE59B00D1338F /* SampleApp */,
				870E58E019ACE59B00D1338F /* SampleAppTests */,
			);
		};
/* End PBXProject section */

/* Begin PBXResourcesBuildPhase section */
		870E58CD19ACE59B00D1338F /* Resources */ = {
			isa = PBXResourcesBuildPhase;
			buildActionMask = 2147483647;
			files = (
				870E58DA19ACE59B00D1338F /* Main.storyboard in Resources */,
				870E58F519ACE5DE00D1338F /* lost@2x.png in Resources */,
				870E58DC19ACE59B00D1338F /* Images.xcassets in Resources */,
				870E58F619ACE5DE00D1338F /* won@2x.png in Resources */,
			);
			runOnlyForDeploymentPostprocessing = 0;
		};
		870E58DF19ACE59B00D1338F /* Resources */ = {
			isa = PBXResourcesBuildPhase;
			buildActionMask = 2147483647;
			files = (
			);
			runOnlyForDeploymentPostprocessing = 0;
		};
/* End PBXResourcesBuildPhase section */

/* Begin PBXSourcesBuildPhase section */
		870E58CB19ACE59B00D1338F /* Sources */ = {
			isa = PBXSourcesBuildPhase;
			buildActionMask = 2147483647;
			files = (
				8767761A1A03FED8006AEA59 /* ViewController.swift in Sources */,
				871ED6531A0490CC00F56BAB /* TableViewController.swift in Sources */,
				876776181A03FED8006AEA59 /* AppDelegate.swift in Sources */,
			);
			runOnlyForDeploymentPostprocessing = 0;
		};
		870E58DD19ACE59B00D1338F /* Sources */ = {
			isa = PBXSourcesBuildPhase;
			buildActionMask = 2147483647;
			files = (
				870E58E819ACE59B00D1338F /* SampleAppTests.swift in Sources */,
			);
			runOnlyForDeploymentPostprocessing = 0;
		};
/* End PBXSourcesBuildPhase section */

/* Begin PBXTargetDependency section */
		870E58E319ACE59B00D1338F /* PBXTargetDependency */ = {
			isa = PBXTargetDependency;
			target = 870E58CE19ACE59B00D1338F /* SampleApp */;
			targetProxy = 870E58E219ACE59B00D1338F /* PBXContainerItemProxy */;
		};
/* End PBXTargetDependency section */

/* Begin PBXVariantGroup section */
		870E58D819ACE59B00D1338F /* Main.storyboard */ = {
			isa = PBXVariantGroup;
			children = (
				870E58D919ACE59B00D1338F /* Base */,
			);
			name = Main.storyboard;
			sourceTree = "<group>";
		};
/* End PBXVariantGroup section */

/* Begin XCBuildConfiguration section */
		870E58E919ACE59B00D1338F /* Debug */ = {
			isa = XCBuildConfiguration;
			buildSettings = {
				ALWAYS_SEARCH_USER_PATHS = NO;
				CLANG_CXX_LANGUAGE_STANDARD = "gnu++0x";
				CLANG_CXX_LIBRARY = "libc++";
				CLANG_ENABLE_MODULES = YES;
				CLANG_ENABLE_OBJC_ARC = YES;
				CLANG_WARN_BOOL_CONVERSION = YES;
				CLANG_WARN_CONSTANT_CONVERSION = YES;
				CLANG_WARN_DIRECT_OBJC_ISA_USAGE = YES_ERROR;
				CLANG_WARN_EMPTY_BODY = YES;
				CLANG_WARN_ENUM_CONVERSION = YES;
				CLANG_WARN_INT_CONVERSION = YES;
				CLANG_WARN_OBJC_ROOT_CLASS = YES_ERROR;
				CLANG_WARN_UNREACHABLE_CODE = YES;
				CLANG_WARN__DUPLICATE_METHOD_MATCH = YES;
				"CODE_SIGN_IDENTITY[sdk=iphoneos*]" = "iPhone Developer";
				COPY_PHASE_STRIP = NO;
				ENABLE_STRICT_OBJC_MSGSEND = YES;
				GCC_C_LANGUAGE_STANDARD = gnu99;
				GCC_DYNAMIC_NO_PIC = NO;
				GCC_INLINES_ARE_PRIVATE_EXTERN = YES;
				GCC_OPTIMIZATION_LEVEL = 0;
				GCC_PREPROCESSOR_DEFINITIONS = (
					"DEBUG=1",
					"$(inherited)",
				);
				GCC_SYMBOLS_PRIVATE_EXTERN = NO;
				GCC_WARN_64_TO_32_BIT_CONVERSION = YES;
				GCC_WARN_ABOUT_RETURN_TYPE = YES_ERROR;
				GCC_WARN_UNDECLARED_SELECTOR = YES;
				GCC_WARN_UNINITIALIZED_AUTOS = YES_AGGRESSIVE;
				GCC_WARN_UNUSED_FUNCTION = YES;
				GCC_WARN_UNUSED_VARIABLE = YES;
				IPHONEOS_DEPLOYMENT_TARGET = 8.1;
				MTL_ENABLE_DEBUG_INFO = YES;
				ONLY_ACTIVE_ARCH = YES;
				SDKROOT = iphoneos;
				SWIFT_OPTIMIZATION_LEVEL = "-Onone";
			};
			name = Debug;
		};
		870E58EA19ACE59B00D1338F /* Release */ = {
			isa = XCBuildConfiguration;
			buildSettings = {
				ALWAYS_SEARCH_USER_PATHS = NO;
				CLANG_CXX_LANGUAGE_STANDARD = "gnu++0x";
				CLANG_CXX_LIBRARY = "libc++";
				CLANG_ENABLE_MODULES = YES;
				CLANG_ENABLE_OBJC_ARC = YES;
				CLANG_WARN_BOOL_CONVERSION = YES;
				CLANG_WARN_CONSTANT_CONVERSION = YES;
				CLANG_WARN_DIRECT_OBJC_ISA_USAGE = YES_ERROR;
				CLANG_WARN_EMPTY_BODY = YES;
				CLANG_WARN_ENUM_CONVERSION = YES;
				CLANG_WARN_INT_CONVERSION = YES;
				CLANG_WARN_OBJC_ROOT_CLASS = YES_ERROR;
				CLANG_WARN_UNREACHABLE_CODE = YES;
				CLANG_WARN__DUPLICATE_METHOD_MATCH = YES;
				"CODE_SIGN_IDENTITY[sdk=iphoneos*]" = "iPhone Developer";
				COPY_PHASE_STRIP = YES;
				ENABLE_NS_ASSERTIONS = NO;
				ENABLE_STRICT_OBJC_MSGSEND = YES;
				GCC_C_LANGUAGE_STANDARD = gnu99;
				GCC_INLINES_ARE_PRIVATE_EXTERN = YES;
				GCC_SYMBOLS_PRIVATE_EXTERN = YES;
				GCC_WARN_64_TO_32_BIT_CONVERSION = YES;
				GCC_WARN_ABOUT_RETURN_TYPE = YES_ERROR;
				GCC_WARN_UNDECLARED_SELECTOR = YES;
				GCC_WARN_UNINITIALIZED_AUTOS = YES_AGGRESSIVE;
				GCC_WARN_UNUSED_FUNCTION = YES;
				GCC_WARN_UNUSED_VARIABLE = YES;
				IPHONEOS_DEPLOYMENT_TARGET = 8.1;
				MTL_ENABLE_DEBUG_INFO = NO;
				SDKROOT = iphoneos;
				VALIDATE_PRODUCT = YES;
			};
			name = Release;
		};
		870E58EC19ACE59B00D1338F /* Debug */ = {
			isa = XCBuildConfiguration;
			buildSettings = {
				ASSETCATALOG_COMPILER_APPICON_NAME = AppIcon;
				ASSETCATALOG_COMPILER_LAUNCHIMAGE_NAME = LaunchImage;
				INFOPLIST_FILE = SampleApp/Info.plist;
				LD_RUNPATH_SEARCH_PATHS = "$(inherited) @executable_path/Frameworks";
				PRODUCT_NAME = "$(TARGET_NAME)";
			};
			name = Debug;
		};
		870E58ED19ACE59B00D1338F /* Release */ = {
			isa = XCBuildConfiguration;
			buildSettings = {
				ASSETCATALOG_COMPILER_APPICON_NAME = AppIcon;
				ASSETCATALOG_COMPILER_LAUNCHIMAGE_NAME = LaunchImage;
				INFOPLIST_FILE = SampleApp/Info.plist;
				LD_RUNPATH_SEARCH_PATHS = "$(inherited) @executable_path/Frameworks";
				PRODUCT_NAME = "$(TARGET_NAME)";
			};
			name = Release;
		};
		870E58EF19ACE59B00D1338F /* Debug */ = {
			isa = XCBuildConfiguration;
			buildSettings = {
				BUNDLE_LOADER = "$(TEST_HOST)";
				FRAMEWORK_SEARCH_PATHS = (
					"$(SDKROOT)/Developer/Library/Frameworks",
					"$(inherited)",
				);
				GCC_PREPROCESSOR_DEFINITIONS = (
					"DEBUG=1",
					"$(inherited)",
				);
				INFOPLIST_FILE = SampleAppTests/Info.plist;
				LD_RUNPATH_SEARCH_PATHS = "$(inherited) @executable_path/Frameworks @loader_path/Frameworks";
				PRODUCT_NAME = "$(TARGET_NAME)";
				TEST_HOST = "$(BUILT_PRODUCTS_DIR)/SampleApp.app/SampleApp";
			};
			name = Debug;
		};
		870E58F019ACE59B00D1338F /* Release */ = {
			isa = XCBuildConfiguration;
			buildSettings = {
				BUNDLE_LOADER = "$(TEST_HOST)";
				FRAMEWORK_SEARCH_PATHS = (
					"$(SDKROOT)/Developer/Library/Frameworks",
					"$(inherited)",
				);
				INFOPLIST_FILE = SampleAppTests/Info.plist;
				LD_RUNPATH_SEARCH_PATHS = "$(inherited) @executable_path/Frameworks @loader_path/Frameworks";
				PRODUCT_NAME = "$(TARGET_NAME)";
				TEST_HOST = "$(BUILT_PRODUCTS_DIR)/SampleApp.app/SampleApp";
			};
			name = Release;
		};
/* End XCBuildConfiguration section */

/* Begin XCConfigurationList section */
		870E58CA19ACE59B00D1338F /* Build configuration list for PBXProject "SampleApp" */ = {
			isa = XCConfigurationList;
			buildConfigurations = (
				870E58E919ACE59B00D1338F /* Debug */,
				870E58EA19ACE59B00D1338F /* Release */,
			);
			defaultConfigurationIsVisible = 0;
			defaultConfigurationName = Release;
		};
		870E58EB19ACE59B00D1338F /* Build configuration list for PBXNativeTarget "SampleApp" */ = {
			isa = XCConfigurationList;
			buildConfigurations = (
				870E58EC19ACE59B00D1338F /* Debug */,
				870E58ED19ACE59B00D1338F /* Release */,
			);
			defaultConfigurationIsVisible = 0;
			defaultConfigurationName = Release;
		};
		870E58EE19ACE59B00D1338F /* Build configuration list for PBXNativeTarget "SampleAppTests" */ = {
			isa = XCConfigurationList;
			buildConfigurations = (
				870E58EF19ACE59B00D1338F /* Debug */,
				870E58F019ACE59B00D1338F /* Release */,
			);
			defaultConfigurationIsVisible = 0;
			defaultConfigurationName = Release;
		};
/* End XCConfigurationList section */
	};
	rootObject = 870E58C719ACE59B00D1338F /* Project object */;
}
